# THIS IS AN AUTOGENERATED FILE. DO NOT EDIT THIS FILE DIRECTLY.
# yarn lockfile v1


"@types/atom@^1.31.1":
  version "1.31.1"
  resolved "https://registry.yarnpkg.com/@types/atom/-/atom-1.31.1.tgz#67ff11a90624917f0f99fe30e070fc9e0e6c6f19"
  integrity sha512-359WfFUWltkUszDjb3SfCmdKXHqXxn2oTn+lGYE0cRfDtVVdYKDXxKoJVThTY2KWNHQ/w1KXL4lTxvFYK0CP5w==
  dependencies:
    "@types/node" "*"

"@types/node@*", "@types/node@^11.10.4":
  version "11.10.4"
  resolved "https://registry.yarnpkg.com/@types/node/-/node-11.10.4.tgz#3f5fc4f0f322805f009e00ab35a2ff3d6b778e42"
  integrity sha512-wa09itaLE8L705aXd8F80jnFpxz3Y1/KRHfKsYL2bPc0XF+wEWu8sR9n5bmeu8Ba1N9z2GRNzm/YdHcghLkLKg==

atom-languageclient@^0.9.9:
  version "0.9.9"
  resolved "https://registry.yarnpkg.com/atom-languageclient/-/atom-languageclient-0.9.9.tgz#2d42dc115a4d53b0b600a34d7fe6862d499050ff"
  integrity sha512-eAKLFhprcDksPtDtG2lrhQEosNMxEbS7MISpw7n6TIoPmTgolvo+GPAF+nSV+Z9MCss91i+M+TNk9Mj5C7y/CQ==
  dependencies:
    fuzzaldrin-plus "^0.6.0"
    vscode-jsonrpc "4.0.0"
    vscode-languageserver-protocol "3.12.0"
    vscode-languageserver-types "3.12.0"

fuzzaldrin-plus@^0.6.0:
  version "0.6.0"
  resolved "https://registry.yarnpkg.com/fuzzaldrin-plus/-/fuzzaldrin-plus-0.6.0.tgz#832f6489fbe876769459599c914a670ec22947ee"
  integrity sha1-gy9kifvodnaUWVmckUpnDsIpR+4=

prettier@^1.16.4:
  version "1.16.4"
  resolved "https://registry.yarnpkg.com/prettier/-/prettier-1.16.4.tgz#73e37e73e018ad2db9c76742e2647e21790c9717"
  integrity sha512-ZzWuos7TI5CKUeQAtFd6Zhm2s6EpAD/ZLApIhsF9pRvRtM1RFo61dM/4MSRUA0SuLugA/zgrZD8m0BaY46Og7g==

vscode-jsonrpc@4.0.0:
  version "4.0.0"
  resolved "https://registry.yarnpkg.com/vscode-jsonrpc/-/vscode-jsonrpc-4.0.0.tgz#a7bf74ef3254d0a0c272fab15c82128e378b3be9"
  integrity sha512-perEnXQdQOJMTDFNv+UF3h1Y0z4iSiaN9jIlb0OqIYgosPCZGYh/MCUlkFtV2668PL69lRDO32hmvL2yiidUYg==

vscode-jsonrpc@^3.6.2:
  version "3.6.2"
  resolved "https://registry.yarnpkg.com/vscode-jsonrpc/-/vscode-jsonrpc-3.6.2.tgz#3b5eef691159a15556ecc500e9a8a0dd143470c8"
  integrity sha512-T24Jb5V48e4VgYliUXMnZ379ItbrXgOimweKaJshD84z+8q7ZOZjJan0MeDe+Ugb+uqERDVV8SBmemaGMSMugA==

vscode-languageserver-protocol@3.12.0:
  version "3.12.0"
  resolved "https://registry.yarnpkg.com/vscode-languageserver-protocol/-/vscode-languageserver-protocol-3.12.0.tgz#5b23501292abad88f0463b01e83ff98e64a37652"
  integrity sha512-evY6hmyzLnwQrqlQWPrNBq1z8wrSNjLesmgPzeS6Zv11mVS5UJRel26hbM/DH5tHdn45huNzRW0eFHRmIm8LpA==
  dependencies:
    vscode-jsonrpc "^3.6.2"
    vscode-languageserver-types "^3.12.0"

vscode-languageserver-types@3.12.0:
  version "3.12.0"
  resolved "https://registry.yarnpkg.com/vscode-languageserver-types/-/vscode-languageserver-types-3.12.0.tgz#f96051381b6a050b7175b37d6cb5d2f2eb64b944"
  integrity sha512-UxqnpzBToPO7Mi2tr/s5JeyPOSKSJtLB8lIdxCg9ZNdvP2cU8wS7iTDtwQKz91Ne4CUmTdf85ddR5SIZKXmMjQ==

vscode-languageserver-types@^3.12.0:
  version "3.14.0"
  resolved "https://registry.yarnpkg.com/vscode-languageserver-types/-/vscode-languageserver-types-3.14.0.tgz#d3b5952246d30e5241592b6dde8280e03942e743"
  integrity sha512-lTmS6AlAlMHOvPQemVwo3CezxBp0sNB95KNPkqp3Nxd5VFEnuG1ByM0zlRWos0zjO3ZWtkvhal0COgiV1xIA4A==
